
Microsoft Visual Studio Solution File, Format Version 12.00
# Visual Studio Version 17
VisualStudioVersion = 17.14.36202.13 d17.14
MinimumVisualStudioVersion = 10.0.40219.1
Project("{FAE04EC0-301F-11D3-BF4B-00C04F79EFBC}") = "Class01.ASP.NET.MVC", "Class01.ASP.NET.MVC\Class01.ASP.NET.MVC.csproj", "{8C99835D-39A5-42CC-A858-260676F401E4}"
EndProject
Global
	GlobalSection(SolutionConfigurationPlatforms) = preSolution
		Debug|Any CPU = Debug|Any CPU
		Release|Any CPU = Release|Any CPU
	EndGlobalSection
	GlobalSection(ProjectConfigurationPlatforms) = postSolution
		{8C99835D-39A5-42CC-A858-260676F401E4}.Debug|Any CPU.ActiveCfg = Debug|Any CPU
		{8C99835D-39A5-42CC-A858-260676F401E4}.Debug|Any CPU.Build.0 = Debug|Any CPU
		{8C99835D-39A5-42CC-A858-260676F401E4}.Release|Any CPU.ActiveCfg = Release|Any CPU
		{8C99835D-39A5-42CC-A858-260676F401E4}.Release|Any CPU.Build.0 = Release|Any CPU
	EndGlobalSection
	GlobalSection(SolutionProperties) = preSolution
		HideSolutionNode = FALSE
	EndGlobalSection
	GlobalSection(ExtensibilityGlobals) = postSolution
		SolutionGuid = {8375F2BF-7BF5-4850-B08C-405807E929E0}
	EndGlobalSection
EndGlobal
